
Microsoft Visual Studio Solution File, Format Version 12.00
# Visual Studio Version 17
VisualStudioVersion = 17.1.32407.343
MinimumVisualStudioVersion = 10.0.40219.1
Project("{FAE04EC0-301F-11D3-BF4B-00C04F79EFBC}") = "ImageComparison", "ImageComparison.csproj", "{FB2B3CA2-0341-4E4D-A903-3B43824FF7C0}"
EndProject
Global
	GlobalSection(SolutionConfigurationPlatforms) = preSolution
		Debug|Any CPU = Debug|Any CPU
		Release|Any CPU = Release|Any CPU
	EndGlobalSection
	GlobalSection(ProjectConfigurationPlatforms) = postSolution
		{FB2B3CA2-0341-4E4D-A903-3B43824FF7C0}.Debug|Any CPU.ActiveCfg = Debug|Any CPU
		{FB2B3CA2-0341-4E4D-A903-3B43824FF7C0}.Debug|Any CPU.Build.0 = Debug|Any CPU
		{FB2B3CA2-0341-4E4D-A903-3B43824FF7C0}.Release|Any CPU.ActiveCfg = Release|Any CPU
		{FB2B3CA2-0341-4E4D-A903-3B43824FF7C0}.Release|Any CPU.Build.0 = Release|Any CPU
	EndGlobalSection
	GlobalSection(SolutionProperties) = preSolution
		HideSolutionNode = FALSE
	EndGlobalSection
	GlobalSection(ExtensibilityGlobals) = postSolution
		SolutionGuid = {D6371D64-9D5A-4A88-8A48-D786507AEAFF}
	EndGlobalSection
EndGlobal
